
Microsoft Visual Studio Solution File, Format Version 12.00
# Visual Studio 14
VisualStudioVersion = 14.0.25420.1
MinimumVisualStudioVersion = 10.0.40219.1
Project("{FAE04EC0-301F-11D3-BF4B-00C04F79EFBC}") = "PC.Domain.Migration.App", "PC.Domain.Migration.App\PC.Domain.Migration.App.csproj", "{04918C65-6890-41AD-8E14-BE0D4BDC1C15}"
EndProject
Project("{FAE04EC0-301F-11D3-BF4B-00C04F79EFBC}") = "PC.Domain.Migration", "PC.Domain.Migration\PC.Domain.Migration.csproj", "{817BE0C4-1956-400A-964B-7C0774587529}"
EndProject
Global
	GlobalSection(SolutionConfigurationPlatforms) = preSolution
		Debug|Any CPU = Debug|Any CPU
		Release|Any CPU = Release|Any CPU
	EndGlobalSection
	GlobalSection(ProjectConfigurationPlatforms) = postSolution
		{04918C65-6890-41AD-8E14-BE0D4BDC1C15}.Debug|Any CPU.ActiveCfg = Debug|Any CPU
		{04918C65-6890-41AD-8E14-BE0D4BDC1C15}.Debug|Any CPU.Build.0 = Debug|Any CPU
		{04918C65-6890-41AD-8E14-BE0D4BDC1C15}.Release|Any CPU.ActiveCfg = Release|Any CPU
		{04918C65-6890-41AD-8E14-BE0D4BDC1C15}.Release|Any CPU.Build.0 = Release|Any CPU
		{817BE0C4-1956-400A-964B-7C0774587529}.Debug|Any CPU.ActiveCfg = Debug|Any CPU
		{817BE0C4-1956-400A-964B-7C0774587529}.Debug|Any CPU.Build.0 = Debug|Any CPU
		{817BE0C4-1956-400A-964B-7C0774587529}.Release|Any CPU.ActiveCfg = Release|Any CPU
		{817BE0C4-1956-400A-964B-7C0774587529}.Release|Any CPU.Build.0 = Release|Any CPU
	EndGlobalSection
	GlobalSection(SolutionProperties) = preSolution
		HideSolutionNode = FALSE
	EndGlobalSection
EndGlobal
